
Microsoft Visual Studio Solution File, Format Version 12.00
# Visual Studio Version 17
VisualStudioVersion = 17.11.35208.52
MinimumVisualStudioVersion = 10.0.40219.1
Project("{8BC9CEB8-8B4A-11D0-8D11-00A0C91BC942}") = "CoDo", "CToDo\CToDo.vcxproj", "{F02B3B5E-3A52-41AF-B63A-F8D40334350D}"
EndProject
Global
	GlobalSection(SolutionConfigurationPlatforms) = preSolution
		Debug|x64 = Debug|x64
		Debug|x86 = Debug|x86
		Release|x64 = Release|x64
		Release|x86 = Release|x86
	EndGlobalSection
	GlobalSection(ProjectConfigurationPlatforms) = postSolution
		{F02B3B5E-3A52-41AF-B63A-F8D40334350D}.Debug|x64.ActiveCfg = Debug|x64
		{F02B3B5E-3A52-41AF-B63A-F8D40334350D}.Debug|x64.Build.0 = Debug|x64
		{F02B3B5E-3A52-41AF-B63A-F8D40334350D}.Debug|x86.ActiveCfg = Debug|Win32
		{F02B3B5E-3A52-41AF-B63A-F8D40334350D}.Debug|x86.Build.0 = Debug|Win32
		{F02B3B5E-3A52-41AF-B63A-F8D40334350D}.Release|x64.ActiveCfg = Release|x64
		{F02B3B5E-3A52-41AF-B63A-F8D40334350D}.Release|x64.Build.0 = Release|x64
		{F02B3B5E-3A52-41AF-B63A-F8D40334350D}.Release|x86.ActiveCfg = Release|Win32
		{F02B3B5E-3A52-41AF-B63A-F8D40334350D}.Release|x86.Build.0 = Release|Win32
	EndGlobalSection
	GlobalSection(SolutionProperties) = preSolution
		HideSolutionNode = FALSE
	EndGlobalSection
	GlobalSection(ExtensibilityGlobals) = postSolution
		SolutionGuid = {74B0C017-6125-4CDA-BD22-2984478C3D0E}
	EndGlobalSection
EndGlobal
